
Microsoft Visual Studio Solution File, Format Version 12.00
# Visual Studio Version 16
VisualStudioVersion = 16.0.30907.101
MinimumVisualStudioVersion = 10.0.40219.1
Project("{FAE04EC0-301F-11D3-BF4B-00C04F79EFBC}") = "ArduinoRobot", "ArduinoRobot.csproj", "{70E65496-A020-4D7B-9A8F-EAFD90D89BAE}"
EndProject
Global
	GlobalSection(SolutionConfigurationPlatforms) = preSolution
		Debug|Any CPU = Debug|Any CPU
		Release|Any CPU = Release|Any CPU
	EndGlobalSection
	GlobalSection(ProjectConfigurationPlatforms) = postSolution
		{70E65496-A020-4D7B-9A8F-EAFD90D89BAE}.Debug|Any CPU.ActiveCfg = Debug|Any CPU
		{70E65496-A020-4D7B-9A8F-EAFD90D89BAE}.Debug|Any CPU.Build.0 = Debug|Any CPU
		{70E65496-A020-4D7B-9A8F-EAFD90D89BAE}.Release|Any CPU.ActiveCfg = Release|Any CPU
		{70E65496-A020-4D7B-9A8F-EAFD90D89BAE}.Release|Any CPU.Build.0 = Release|Any CPU
	EndGlobalSection
	GlobalSection(SolutionProperties) = preSolution
		HideSolutionNode = FALSE
	EndGlobalSection
	GlobalSection(ExtensibilityGlobals) = postSolution
		SolutionGuid = {F2632F59-5318-4794-9A6C-008D378072F7}
	EndGlobalSection
EndGlobal
